
Microsoft Visual Studio Solution File, Format Version 12.00
# Visual Studio Version 16
VisualStudioVersion = 16.0.31025.194
MinimumVisualStudioVersion = 10.0.40219.1
Project("{FAE04EC0-301F-11D3-BF4B-00C04F79EFBC}") = "Day_2_Hands_on_1_SwaggerDemo", "Day_2_Hands_on_1_SwaggerDemo\Day_2_Hands_on_1_SwaggerDemo.csproj", "{E6CD8EFE-FDE4-4CA4-8880-D11D306FB01D}"
EndProject
Global
	GlobalSection(SolutionConfigurationPlatforms) = preSolution
		Debug|Any CPU = Debug|Any CPU
		Release|Any CPU = Release|Any CPU
	EndGlobalSection
	GlobalSection(ProjectConfigurationPlatforms) = postSolution
		{E6CD8EFE-FDE4-4CA4-8880-D11D306FB01D}.Debug|Any CPU.ActiveCfg = Debug|Any CPU
		{E6CD8EFE-FDE4-4CA4-8880-D11D306FB01D}.Debug|Any CPU.Build.0 = Debug|Any CPU
		{E6CD8EFE-FDE4-4CA4-8880-D11D306FB01D}.Release|Any CPU.ActiveCfg = Release|Any CPU
		{E6CD8EFE-FDE4-4CA4-8880-D11D306FB01D}.Release|Any CPU.Build.0 = Release|Any CPU
	EndGlobalSection
	GlobalSection(SolutionProperties) = preSolution
		HideSolutionNode = FALSE
	EndGlobalSection
	GlobalSection(ExtensibilityGlobals) = postSolution
		SolutionGuid = {B56F1319-B2CF-4BE3-BFB8-665F7BCB9B66}
	EndGlobalSection
EndGlobal
