
Microsoft Visual Studio Solution File, Format Version 12.00
# Visual Studio Version 16
VisualStudioVersion = 16.0.31105.61
MinimumVisualStudioVersion = 10.0.40219.1
Project("{FAE04EC0-301F-11D3-BF4B-00C04F79EFBC}") = "AuditCheckList", "AuditCheckList.csproj", "{6623EDCA-EE63-4546-AB6D-41B590E0959D}"
EndProject
Global
	GlobalSection(SolutionConfigurationPlatforms) = preSolution
		Debug|Any CPU = Debug|Any CPU
		Release|Any CPU = Release|Any CPU
	EndGlobalSection
	GlobalSection(ProjectConfigurationPlatforms) = postSolution
		{6623EDCA-EE63-4546-AB6D-41B590E0959D}.Debug|Any CPU.ActiveCfg = Debug|Any CPU
		{6623EDCA-EE63-4546-AB6D-41B590E0959D}.Debug|Any CPU.Build.0 = Debug|Any CPU
		{6623EDCA-EE63-4546-AB6D-41B590E0959D}.Release|Any CPU.ActiveCfg = Release|Any CPU
		{6623EDCA-EE63-4546-AB6D-41B590E0959D}.Release|Any CPU.Build.0 = Release|Any CPU
	EndGlobalSection
	GlobalSection(SolutionProperties) = preSolution
		HideSolutionNode = FALSE
	EndGlobalSection
	GlobalSection(ExtensibilityGlobals) = postSolution
		SolutionGuid = {AF16AF0F-410F-4A70-8FD2-F1846CF31A46}
	EndGlobalSection
EndGlobal
