
Microsoft Visual Studio Solution File, Format Version 12.00
# Visual Studio Version 16
VisualStudioVersion = 16.0.31025.194
MinimumVisualStudioVersion = 10.0.40219.1
Project("{FAE04EC0-301F-11D3-BF4B-00C04F79EFBC}") = "DesignPrinciplesAndPatternsFinalCheck", "DesignPrinciplesAndPatternsFinalCheck\DesignPrinciplesAndPatternsFinalCheck.csproj", "{99E3F5E1-74EF-4EFD-8533-838CCDD675DF}"
EndProject
Global
	GlobalSection(SolutionConfigurationPlatforms) = preSolution
		Debug|Any CPU = Debug|Any CPU
		Release|Any CPU = Release|Any CPU
	EndGlobalSection
	GlobalSection(ProjectConfigurationPlatforms) = postSolution
		{99E3F5E1-74EF-4EFD-8533-838CCDD675DF}.Debug|Any CPU.ActiveCfg = Debug|Any CPU
		{99E3F5E1-74EF-4EFD-8533-838CCDD675DF}.Debug|Any CPU.Build.0 = Debug|Any CPU
		{99E3F5E1-74EF-4EFD-8533-838CCDD675DF}.Release|Any CPU.ActiveCfg = Release|Any CPU
		{99E3F5E1-74EF-4EFD-8533-838CCDD675DF}.Release|Any CPU.Build.0 = Release|Any CPU
	EndGlobalSection
	GlobalSection(SolutionProperties) = preSolution
		HideSolutionNode = FALSE
	EndGlobalSection
	GlobalSection(ExtensibilityGlobals) = postSolution
		SolutionGuid = {0E2A067A-BC05-4248-9418-3CFB13D79A03}
	EndGlobalSection
EndGlobal
