
Microsoft Visual Studio Solution File, Format Version 12.00
# Visual Studio Version 16
VisualStudioVersion = 16.0.31025.194
MinimumVisualStudioVersion = 10.0.40219.1
Project("{FAE04EC0-301F-11D3-BF4B-00C04F79EFBC}") = "WebAPIFinalCheckProject", "WebAPIFinalCheckProject\WebAPIFinalCheckProject.csproj", "{97F2EF9F-0259-4E7E-AB69-14E26804FA18}"
EndProject
Global
	GlobalSection(SolutionConfigurationPlatforms) = preSolution
		Debug|Any CPU = Debug|Any CPU
		Release|Any CPU = Release|Any CPU
	EndGlobalSection
	GlobalSection(ProjectConfigurationPlatforms) = postSolution
		{97F2EF9F-0259-4E7E-AB69-14E26804FA18}.Debug|Any CPU.ActiveCfg = Debug|Any CPU
		{97F2EF9F-0259-4E7E-AB69-14E26804FA18}.Debug|Any CPU.Build.0 = Debug|Any CPU
		{97F2EF9F-0259-4E7E-AB69-14E26804FA18}.Release|Any CPU.ActiveCfg = Release|Any CPU
		{97F2EF9F-0259-4E7E-AB69-14E26804FA18}.Release|Any CPU.Build.0 = Release|Any CPU
	EndGlobalSection
	GlobalSection(SolutionProperties) = preSolution
		HideSolutionNode = FALSE
	EndGlobalSection
	GlobalSection(ExtensibilityGlobals) = postSolution
		SolutionGuid = {5BD73A22-B718-4C1D-B84E-7D6199748CF4}
	EndGlobalSection
EndGlobal
