
Microsoft Visual Studio Solution File, Format Version 12.00
# Visual Studio Version 16
VisualStudioVersion = 16.0.31025.194
MinimumVisualStudioVersion = 10.0.40219.1
Project("{FAE04EC0-301F-11D3-BF4B-00C04F79EFBC}") = "FirstCoreConsoleApp", "FirstCoreConsoleApp\FirstCoreConsoleApp.csproj", "{67C7B3A4-9EBB-463C-BA51-46BAF89FCD08}"
EndProject
Global
	GlobalSection(SolutionConfigurationPlatforms) = preSolution
		Debug|Any CPU = Debug|Any CPU
		Release|Any CPU = Release|Any CPU
	EndGlobalSection
	GlobalSection(ProjectConfigurationPlatforms) = postSolution
		{67C7B3A4-9EBB-463C-BA51-46BAF89FCD08}.Debug|Any CPU.ActiveCfg = Debug|Any CPU
		{67C7B3A4-9EBB-463C-BA51-46BAF89FCD08}.Debug|Any CPU.Build.0 = Debug|Any CPU
		{67C7B3A4-9EBB-463C-BA51-46BAF89FCD08}.Release|Any CPU.ActiveCfg = Release|Any CPU
		{67C7B3A4-9EBB-463C-BA51-46BAF89FCD08}.Release|Any CPU.Build.0 = Release|Any CPU
	EndGlobalSection
	GlobalSection(SolutionProperties) = preSolution
		HideSolutionNode = FALSE
	EndGlobalSection
	GlobalSection(ExtensibilityGlobals) = postSolution
		SolutionGuid = {BB0EB0D1-C7C3-43A7-940C-4727E8A50139}
	EndGlobalSection
EndGlobal
